// !$*UTF8*$!
{
	archiveVersion = 1;
	classes = {
	};
	objectVersion = 46;
	objects = {

/* Begin PBXBuildFile section */
		8B30D19B1DD559F200E1309E /* AppDelegate.swift in Sources */ = {isa = PBXBuildFile; fileRef = 8B30D19A1DD559F200E1309E /* AppDelegate.swift */; };
		8B30D1A01DD559F200E1309E /* Main.storyboard in Resources */ = {isa = PBXBuildFile; fileRef = 8B30D19E1DD559F200E1309E /* Main.storyboard */; };
		8B30D1A21DD559F200E1309E /* Assets.xcassets in Resources */ = {isa = PBXBuildFile; fileRef = 8B30D1A11DD559F200E1309E /* Assets.xcassets */; };
		8B30D1A51DD559F200E1309E /* LaunchScreen.storyboard in Resources */ = {isa = PBXBuildFile; fileRef = 8B30D1A31DD559F200E1309E /* LaunchScreen.storyboard */; };
		8B30D1AF1DD55A0800E1309E /* CloudKit.framework in Frameworks */ = {isa = PBXBuildFile; fileRef = 8B30D1AE1DD55A0800E1309E /* CloudKit.framework */; };
		8B30D1B11DD55A8400E1309E /* splash_image.png in Resources */ = {isa = PBXBuildFile; fileRef = 8B30D1B01DD55A8400E1309E /* splash_image.png */; };
		8B30D1B51DD55ABE00E1309E /* Clouds.jpeg in Resources */ = {isa = PBXBuildFile; fileRef = 8B30D1B41DD55ABE00E1309E /* Clouds.jpeg */; };
		8B30D1B91DD55D3600E1309E /* newDataViewController.swift in Sources */ = {isa = PBXBuildFile; fileRef = 8B30D1B81DD55D3600E1309E /* newDataViewController.swift */; };
		8B30D1BB1DD55E9100E1309E /* ContactsTableViewController.swift in Sources */ = {isa = PBXBuildFile; fileRef = 8B30D1BA1DD55E9100E1309E /* ContactsTableViewController.swift */; };
		8B30D1BD1DD55FCC00E1309E /* DetailViewController.swift in Sources */ = {isa = PBXBuildFile; fileRef = 8B30D1BC1DD55FCC00E1309E /* DetailViewController.swift */; };
/* End PBXBuildFile section */

/* Begin PBXFileReference section */
		8B30D1971DD559F100E1309E /* Contacts.app */ = {isa = PBXFileReference; explicitFileType = wrapper.application; includeInIndex = 0; path = Contacts.app; sourceTree = BUILT_PRODUCTS_DIR; };
		8B30D19A1DD559F200E1309E /* AppDelegate.swift */ = {isa = PBXFileReference; lastKnownFileType = sourcecode.swift; path = AppDelegate.swift; sourceTree = "<group>"; };
		8B30D19F1DD559F200E1309E /* Base */ = {isa = PBXFileReference; lastKnownFileType = file.storyboard; name = Base; path = Base.lproj/Main.storyboard; sourceTree = "<group>"; };
		8B30D1A11DD559F200E1309E /* Assets.xcassets */ = {isa = PBXFileReference; lastKnownFileType = folder.assetcatalog; path = Assets.xcassets; sourceTree = "<group>"; };
		8B30D1A41DD559F200E1309E /* Base */ = {isa = PBXFileReference; lastKnownFileType = file.storyboard; name = Base; path = Base.lproj/LaunchScreen.storyboard; sourceTree = "<group>"; };
		8B30D1A61DD559F200E1309E /* Info.plist */ = {isa = PBXFileReference; lastKnownFileType = text.plist.xml; path = Info.plist; sourceTree = "<group>"; };
		8B30D1AC1DD55A0300E1309E /* Contacts.entitlements */ = {isa = PBXFileReference; lastKnownFileType = text.plist.entitlements; path = Contacts.entitlements; sourceTree = "<group>"; };
		8B30D1AE1DD55A0800E1309E /* CloudKit.framework */ = {isa = PBXFileReference; lastKnownFileType = wrapper.framework; name = CloudKit.framework; path = System/Library/Frameworks/CloudKit.framework; sourceTree = SDKROOT; };
		8B30D1B01DD55A8400E1309E /* splash_image.png */ = {isa = PBXFileReference; lastKnownFileType = image.png; path = splash_image.png; sourceTree = "<group>"; };
		8B30D1B41DD55ABE00E1309E /* Clouds.jpeg */ = {isa = PBXFileReference; lastKnownFileType = image.jpeg; path = Clouds.jpeg; sourceTree = "<group>"; };
		8B30D1B81DD55D3600E1309E /* newDataViewController.swift */ = {isa = PBXFileReference; fileEncoding = 4; lastKnownFileType = sourcecode.swift; path = newDataViewController.swift; sourceTree = "<group>"; };
		8B30D1BA1DD55E9100E1309E /* ContactsTableViewController.swift */ = {isa = PBXFileReference; fileEncoding = 4; lastKnownFileType = sourcecode.swift; path = ContactsTableViewController.swift; sourceTree = "<group>"; };
		8B30D1BC1DD55FCC00E1309E /* DetailViewController.swift */ = {isa = PBXFileReference; fileEncoding = 4; lastKnownFileType = sourcecode.swift; path = DetailViewController.swift; sourceTree = "<group>"; };
/* End PBXFileReference section */

/* Begin PBXFrameworksBuildPhase section */
		8B30D1941DD559F100E1309E /* Frameworks */ = {
			isa = PBXFrameworksBuildPhase;
			buildActionMask = 2147483647;
			files = (
				8B30D1AF1DD55A0800E1309E /* CloudKit.framework in Frameworks */,
			);
			runOnlyForDeploymentPostprocessing = 0;
		};
/* End PBXFrameworksBuildPhase section */

/* Begin PBXGroup section */
		8B30D18E1DD559F100E1309E = {
			isa = PBXGroup;
			children = (
				8B30D1991DD559F100E1309E /* Contacts */,
				8B30D1981DD559F100E1309E /* Products */,
				8B30D1AD1DD55A0800E1309E /* Frameworks */,
			);
			sourceTree = "<group>";
		};
		8B30D1981DD559F100E1309E /* Products */ = {
			isa = PBXGroup;
			children = (
				8B30D1971DD559F100E1309E /* Contacts.app */,
			);
			name = Products;
			sourceTree = "<group>";
		};
		8B30D1991DD559F100E1309E /* Contacts */ = {
			isa = PBXGroup;
			children = (
				8B30D1AC1DD55A0300E1309E /* Contacts.entitlements */,
				8B30D19A1DD559F200E1309E /* AppDelegate.swift */,
				8B30D1B81DD55D3600E1309E /* newDataViewController.swift */,
				8B30D1BA1DD55E9100E1309E /* ContactsTableViewController.swift */,
				8B30D1BC1DD55FCC00E1309E /* DetailViewController.swift */,
				8B30D19E1DD559F200E1309E /* Main.storyboard */,
				8B30D1A11DD559F200E1309E /* Assets.xcassets */,
				8B30D1A31DD559F200E1309E /* LaunchScreen.storyboard */,
				8B30D1B01DD55A8400E1309E /* splash_image.png */,
				8B30D1B41DD55ABE00E1309E /* Clouds.jpeg */,
				8B30D1A61DD559F200E1309E /* Info.plist */,
			);
			path = Contacts;
			sourceTree = "<group>";
		};
		8B30D1AD1DD55A0800E1309E /* Frameworks */ = {
			isa = PBXGroup;
			children = (
				8B30D1AE1DD55A0800E1309E /* CloudKit.framework */,
			);
			name = Frameworks;
			sourceTree = "<group>";
		};
/* End PBXGroup section */

/* Begin PBXNativeTarget section */
		8B30D1961DD559F100E1309E /* Contacts */ = {
			isa = PBXNativeTarget;
			buildConfigurationList = 8B30D1A91DD559F200E1309E /* Build configuration list for PBXNativeTarget "Contacts" */;
			buildPhases = (
				8B30D1931DD559F100E1309E /* Sources */,
				8B30D1941DD559F100E1309E /* Frameworks */,
				8B30D1951DD559F100E1309E /* Resources */,
			);
			buildRules = (
			);
			dependencies = (
			);
			name = Contacts;
			productName = Contacts;
			productReference = 8B30D1971DD559F100E1309E /* Contacts.app */;
			productType = "com.apple.product-type.application";
		};
/* End PBXNativeTarget section */

/* Begin PBXProject section */
		8B30D18F1DD559F100E1309E /* Project object */ = {
			isa = PBXProject;
			attributes = {
				LastSwiftUpdateCheck = 0810;
				LastUpgradeCheck = 0810;
				ORGANIZATIONNAME = Developer;
				TargetAttributes = {
					8B30D1961DD559F100E1309E = {
						CreatedOnToolsVersion = 8.1;
						DevelopmentTeam = ALHBNYE6H5;
						ProvisioningStyle = Automatic;
						SystemCapabilities = {
							com.apple.Push = {
								enabled = 1;
							};
							com.apple.iCloud = {
								enabled = 1;
							};
						};
					};
				};
			};
			buildConfigurationList = 8B30D1921DD559F100E1309E /* Build configuration list for PBXProject "Contacts" */;
			compatibilityVersion = "Xcode 3.2";
			developmentRegion = English;
			hasScannedForEncodings = 0;
			knownRegions = (
				en,
				Base,
			);
			mainGroup = 8B30D18E1DD559F100E1309E;
			productRefGroup = 8B30D1981DD559F100E1309E /* Products */;
			projectDirPath = "";
			projectRoot = "";
			targets = (
				8B30D1961DD559F100E1309E /* Contacts */,
			);
		};
/* End PBXProject section */

/* Begin PBXResourcesBuildPhase section */
		8B30D1951DD559F100E1309E /* Resources */ = {
			isa = PBXResourcesBuildPhase;
			buildActionMask = 2147483647;
			files = (
				8B30D1B11DD55A8400E1309E /* splash_image.png in Resources */,
				8B30D1A51DD559F200E1309E /* LaunchScreen.storyboard in Resources */,
				8B30D1B51DD55ABE00E1309E /* Clouds.jpeg in Resources */,
				8B30D1A21DD559F200E1309E /* Assets.xcassets in Resources */,
				8B30D1A01DD559F200E1309E /* Main.storyboard in Resources */,
			);
			runOnlyForDeploymentPostprocessing = 0;
		};
/* End PBXResourcesBuildPhase section */

/* Begin PBXSourcesBuildPhase section */
		8B30D1931DD559F100E1309E /* Sources */ = {
			isa = PBXSourcesBuildPhase;
			buildActionMask = 2147483647;
			files = (
				8B30D1B91DD55D3600E1309E /* newDataViewController.swift in Sources */,
				8B30D19B1DD559F200E1309E /* AppDelegate.swift in Sources */,
				8B30D1BD1DD55FCC00E1309E /* DetailViewController.swift in Sources */,
				8B30D1BB1DD55E9100E1309E /* ContactsTableViewController.swift in Sources */,
			);
			runOnlyForDeploymentPostprocessing = 0;
		};
/* End PBXSourcesBuildPhase section */

/* Begin PBXVariantGroup section */
		8B30D19E1DD559F200E1309E /* Main.storyboard */ = {
			isa = PBXVariantGroup;
			children = (
				8B30D19F1DD559F200E1309E /* Base */,
			);
			name = Main.storyboard;
			sourceTree = "<group>";
		};
		8B30D1A31DD559F200E1309E /* LaunchScreen.storyboard */ = {
			isa = PBXVariantGroup;
			children = (
				8B30D1A41DD559F200E1309E /* Base */,
			);
			name = LaunchScreen.storyboard;
			sourceTree = "<group>";
		};
/* End PBXVariantGroup section */

/* Begin XCBuildConfiguration section */
		8B30D1A71DD559F200E1309E /* Debug */ = {
			isa = XCBuildConfiguration;
			buildSettings = {
				ALWAYS_SEARCH_USER_PATHS = NO;
				CLANG_ANALYZER_NONNULL = YES;
				CLANG_CXX_LANGUAGE_STANDARD = "gnu++0x";
				CLANG_CXX_LIBRARY = "libc++";
				CLANG_ENABLE_MODULES = YES;
				CLANG_ENABLE_OBJC_ARC = YES;
				CLANG_WARN_BOOL_CONVERSION = YES;
				CLANG_WARN_CONSTANT_CONVERSION = YES;
				CLANG_WARN_DIRECT_OBJC_ISA_USAGE = YES_ERROR;
				CLANG_WARN_DOCUMENTATION_COMMENTS = YES;
				CLANG_WARN_EMPTY_BODY = YES;
				CLANG_WARN_ENUM_CONVERSION = YES;
				CLANG_WARN_INFINITE_RECURSION = YES;
				CLANG_WARN_INT_CONVERSION = YES;
				CLANG_WARN_OBJC_ROOT_CLASS = YES_ERROR;
				CLANG_WARN_SUSPICIOUS_MOVES = YES;
				CLANG_WARN_UNREACHABLE_CODE = YES;
				CLANG_WARN__DUPLICATE_METHOD_MATCH = YES;
				"CODE_SIGN_IDENTITY[sdk=iphoneos*]" = "iPhone Developer";
				COPY_PHASE_STRIP = NO;
				DEBUG_INFORMATION_FORMAT = dwarf;
				ENABLE_STRICT_OBJC_MSGSEND = YES;
				ENABLE_TESTABILITY = YES;
				GCC_C_LANGUAGE_STANDARD = gnu99;
				GCC_DYNAMIC_NO_PIC = NO;
				GCC_NO_COMMON_BLOCKS = YES;
				GCC_OPTIMIZATION_LEVEL = 0;
				GCC_PREPROCESSOR_DEFINITIONS = (
					"DEBUG=1",
					"$(inherited)",
				);
				GCC_WARN_64_TO_32_BIT_CONVERSION = YES;
				GCC_WARN_ABOUT_RETURN_TYPE = YES_ERROR;
				GCC_WARN_UNDECLARED_SELECTOR = YES;
				GCC_WARN_UNINITIALIZED_AUTOS = YES_AGGRESSIVE;
				GCC_WARN_UNUSED_FUNCTION = YES;
				GCC_WARN_UNUSED_VARIABLE = YES;
				IPHONEOS_DEPLOYMENT_TARGET = 10.1;
				MTL_ENABLE_DEBUG_INFO = YES;
				ONLY_ACTIVE_ARCH = YES;
				SDKROOT = iphoneos;
				SWIFT_ACTIVE_COMPILATION_CONDITIONS = DEBUG;
				SWIFT_OPTIMIZATION_LEVEL = "-Onone";
				TARGETED_DEVICE_FAMILY = "1,2";
			};
			name = Debug;
		};
		8B30D1A81DD559F200E1309E /* Release */ = {
			isa = XCBuildConfiguration;
			buildSettings = {
				ALWAYS_SEARCH_USER_PATHS = NO;
				CLANG_ANALYZER_NONNULL = YES;
				CLANG_CXX_LANGUAGE_STANDARD = "gnu++0x";
				CLANG_CXX_LIBRARY = "libc++";
				CLANG_ENABLE_MODULES = YES;
				CLANG_ENABLE_OBJC_ARC = YES;
				CLANG_WARN_BOOL_CONVERSION = YES;
				CLANG_WARN_CONSTANT_CONVERSION = YES;
				CLANG_WARN_DIRECT_OBJC_ISA_USAGE = YES_ERROR;
				CLANG_WARN_DOCUMENTATION_COMMENTS = YES;
				CLANG_WARN_EMPTY_BODY = YES;
				CLANG_WARN_ENUM_CONVERSION = YES;
				CLANG_WARN_INFINITE_RECURSION = YES;
				CLANG_WARN_INT_CONVERSION = YES;
				CLANG_WARN_OBJC_ROOT_CLASS = YES_ERROR;
				CLANG_WARN_SUSPICIOUS_MOVES = YES;
				CLANG_WARN_UNREACHABLE_CODE = YES;
				CLANG_WARN__DUPLICATE_METHOD_MATCH = YES;
				"CODE_SIGN_IDENTITY[sdk=iphoneos*]" = "iPhone Developer";
				COPY_PHASE_STRIP = NO;
				DEBUG_INFORMATION_FORMAT = "dwarf-with-dsym";
				ENABLE_NS_ASSERTIONS = NO;
				ENABLE_STRICT_OBJC_MSGSEND = YES;
				GCC_C_LANGUAGE_STANDARD = gnu99;
				GCC_NO_COMMON_BLOCKS = YES;
				GCC_WARN_64_TO_32_BIT_CONVERSION = YES;
				GCC_WARN_ABOUT_RETURN_TYPE = YES_ERROR;
				GCC_WARN_UNDECLARED_SELECTOR = YES;
				GCC_WARN_UNINITIALIZED_AUTOS = YES_AGGRESSIVE;
				GCC_WARN_UNUSED_FUNCTION = YES;
				GCC_WARN_UNUSED_VARIABLE = YES;
				IPHONEOS_DEPLOYMENT_TARGET = 10.1;
				MTL_ENABLE_DEBUG_INFO = NO;
				SDKROOT = iphoneos;
				SWIFT_OPTIMIZATION_LEVEL = "-Owholemodule";
				TARGETED_DEVICE_FAMILY = "1,2";
				VALIDATE_PRODUCT = YES;
			};
			name = Release;
		};
		8B30D1AA1DD559F200E1309E /* Debug */ = {
			isa = XCBuildConfiguration;
			buildSettings = {
				ASSETCATALOG_COMPILER_APPICON_NAME = AppIcon;
				CODE_SIGN_ENTITLEMENTS = Contacts/Contacts.entitlements;
				DEVELOPMENT_TEAM = ALHBNYE6H5;
				INFOPLIST_FILE = Contacts/Info.plist;
				LD_RUNPATH_SEARCH_PATHS = "$(inherited) @executable_path/Frameworks";
				PRODUCT_BUNDLE_IDENTIFIER = dbaldwin.Contacts;
				PRODUCT_NAME = "$(TARGET_NAME)";
				SWIFT_VERSION = 3.0;
			};
			name = Debug;
		};
		8B30D1AB1DD559F200E1309E /* Release */ = {
			isa = XCBuildConfiguration;
			buildSettings = {
				ASSETCATALOG_COMPILER_APPICON_NAME = AppIcon;
				CODE_SIGN_ENTITLEMENTS = Contacts/Contacts.entitlements;
				DEVELOPMENT_TEAM = ALHBNYE6H5;
				INFOPLIST_FILE = Contacts/Info.plist;
				LD_RUNPATH_SEARCH_PATHS = "$(inherited) @executable_path/Frameworks";
				PRODUCT_BUNDLE_IDENTIFIER = dbaldwin.Contacts;
				PRODUCT_NAME = "$(TARGET_NAME)";
				SWIFT_VERSION = 3.0;
			};
			name = Release;
		};
/* End XCBuildConfiguration section */

/* Begin XCConfigurationList section */
		8B30D1921DD559F100E1309E /* Build configuration list for PBXProject "Contacts" */ = {
			isa = XCConfigurationList;
			buildConfigurations = (
				8B30D1A71DD559F200E1309E /* Debug */,
				8B30D1A81DD559F200E1309E /* Release */,
			);
			defaultConfigurationIsVisible = 0;
			defaultConfigurationName = Release;
		};
		8B30D1A91DD559F200E1309E /* Build configuration list for PBXNativeTarget "Contacts" */ = {
			isa = XCConfigurationList;
			buildConfigurations = (
				8B30D1AA1DD559F200E1309E /* Debug */,
				8B30D1AB1DD559F200E1309E /* Release */,
			);
			defaultConfigurationIsVisible = 0;
			defaultConfigurationName = Release;
		};
/* End XCConfigurationList section */
	};
	rootObject = 8B30D18F1DD559F100E1309E /* Project object */;
}
